{
  "name": "@tf2autobot/tf2-sku",
  "version": "2.0.3",
  "lockfileVersion": 3,
  "requires": true,
  "packages": {
    "": {
      "name": "@tf2autobot/tf2-sku",
      "version": "2.0.3",
      "license": "MIT",
      "dependencies": {
        "defaults": "^1.0.4",
        "object-prettify": "^1.0.0"
      },
      "devDependencies": {}
    },
    "node_modules/clone": {
      "version": "1.0.4",
      "resolved": "https://registry.npmjs.org/clone/-/clone-1.0.4.tgz",
      "integrity": "sha1-2jCcwmPfFZlMaIypAheco8fNfH4=",
      "engines": {
        "node": ">=0.8"
      }
    },
    "node_modules/defaults": {
      "version": "1.0.4",
      "resolved": "https://registry.npmjs.org/defaults/-/defaults-1.0.4.tgz",
      "integrity": "sha512-eFuaLoy/Rxalv2kr+lqMlUnrDWV+3j4pljOIJgLIhI058IQfWJ7vXhyEIHu+HtC738klGALYxOKDO0bQP3tg8A==",
      "dependencies": {
        "clone": "^1.0.2"
      },
      "funding": {
        "url": "https://github.com/sponsors/sindresorhus"
      }
    },
    "node_modules/object-prettify": {
      "version": "1.0.0",
      "resolved": "https://registry.npmjs.org/object-prettify/-/object-prettify-1.0.0.tgz",
      "integrity": "sha512-5Ots8eZbcYz+joTeo7PGex7wqOWhSTcNlgbnF5dD57OwT8Dj9cZEZ2qeFqHoTae9LdRHonDdL65CPnaCIU86xQ==",
      "engines": {
        "node": ">=6.0.0"
      }
    }
  }
}
